
Microsoft Visual Studio Solution File, Format Version 12.00
# Visual Studio Version 16
VisualStudioVersion = 16.0.30011.22
MinimumVisualStudioVersion = 10.0.40219.1
Project("{E24C65DC-7377-472B-9ABA-BC803B73C61A}") = "後台", ".", "{009C25D4-60F5-4C7E-A731-119854FEA864}"
	ProjectSection(WebsiteProperties) = preProject
		TargetFrameworkMoniker = ".NETFramework,Version%3Dv4.5.2"
		Debug.AspNetCompiler.VirtualPath = "/localhost_53042"
		Debug.AspNetCompiler.PhysicalPath = "D:\火箭\後台\"
		Debug.AspNetCompiler.TargetPath = "PrecompiledWeb\localhost_53042\"
		Debug.AspNetCompiler.Updateable = "true"
		Debug.AspNetCompiler.ForceOverwrite = "true"
		Debug.AspNetCompiler.FixedNames = "false"
		Debug.AspNetCompiler.Debug = "True"
		Release.AspNetCompiler.VirtualPath = "/localhost_53042"
		Release.AspNetCompiler.PhysicalPath = "D:\火箭\後台\"
		Release.AspNetCompiler.TargetPath = "PrecompiledWeb\localhost_53042\"
		Release.AspNetCompiler.Updateable = "true"
		Release.AspNetCompiler.ForceOverwrite = "true"
		Release.AspNetCompiler.FixedNames = "false"
		Release.AspNetCompiler.Debug = "False"
		VWDPort = "53042"
	EndProjectSection
EndProject
Global
	GlobalSection(SolutionConfigurationPlatforms) = preSolution
		Debug|Any CPU = Debug|Any CPU
	EndGlobalSection
	GlobalSection(ProjectConfigurationPlatforms) = postSolution
		{009C25D4-60F5-4C7E-A731-119854FEA864}.Debug|Any CPU.ActiveCfg = Debug|Any CPU
		{009C25D4-60F5-4C7E-A731-119854FEA864}.Debug|Any CPU.Build.0 = Debug|Any CPU
	EndGlobalSection
	GlobalSection(SolutionProperties) = preSolution
		HideSolutionNode = FALSE
	EndGlobalSection
	GlobalSection(ExtensibilityGlobals) = postSolution
		SolutionGuid = {B91FDF0E-BD99-4D88-9266-B25C0B6CC859}
	EndGlobalSection
EndGlobal
